
Microsoft Visual Studio Solution File, Format Version 12.00
# Visual Studio Version 17
VisualStudioVersion = 17.14.36603.0 d17.14
MinimumVisualStudioVersion = 10.0.40219.1
Project("{FAE04EC0-301F-11D3-BF4B-00C04F79EFBC}") = "Demo", "Demo\Demo.csproj", "{765BDC2A-673D-47CD-9A3B-1326C3916B10}"
EndProject
Global
	GlobalSection(SolutionConfigurationPlatforms) = preSolution
		Debug|Any CPU = Debug|Any CPU
		Release|Any CPU = Release|Any CPU
	EndGlobalSection
	GlobalSection(ProjectConfigurationPlatforms) = postSolution
		{765BDC2A-673D-47CD-9A3B-1326C3916B10}.Debug|Any CPU.ActiveCfg = Debug|Any CPU
		{765BDC2A-673D-47CD-9A3B-1326C3916B10}.Debug|Any CPU.Build.0 = Debug|Any CPU
		{765BDC2A-673D-47CD-9A3B-1326C3916B10}.Release|Any CPU.ActiveCfg = Release|Any CPU
		{765BDC2A-673D-47CD-9A3B-1326C3916B10}.Release|Any CPU.Build.0 = Release|Any CPU
	EndGlobalSection
	GlobalSection(SolutionProperties) = preSolution
		HideSolutionNode = FALSE
	EndGlobalSection
	GlobalSection(ExtensibilityGlobals) = postSolution
		SolutionGuid = {FF73BFC5-B3B9-42D6-B8F0-CDEB346604A5}
	EndGlobalSection
EndGlobal
